
Microsoft Visual Studio Solution File, Format Version 12.00
# Visual Studio Version 17
VisualStudioVersion = 17.8.34330.188
MinimumVisualStudioVersion = 10.0.40219.1
Project("{FAE04EC0-301F-11D3-BF4B-00C04F79EFBC}") = "ExampleChaosEvent", "ExampleChaosEvent\ExampleChaosEvent.csproj", "{6C2A2789-FC2B-479C-904D-ED0B692A097F}"
EndProject
Global
	GlobalSection(SolutionConfigurationPlatforms) = preSolution
		Debug|Any CPU = Debug|Any CPU
		Release|Any CPU = Release|Any CPU
	EndGlobalSection
	GlobalSection(ProjectConfigurationPlatforms) = postSolution
		{6C2A2789-FC2B-479C-904D-ED0B692A097F}.Debug|Any CPU.ActiveCfg = Debug|Any CPU
		{6C2A2789-FC2B-479C-904D-ED0B692A097F}.Debug|Any CPU.Build.0 = Debug|Any CPU
		{6C2A2789-FC2B-479C-904D-ED0B692A097F}.Release|Any CPU.ActiveCfg = Release|Any CPU
		{6C2A2789-FC2B-479C-904D-ED0B692A097F}.Release|Any CPU.Build.0 = Release|Any CPU
	EndGlobalSection
	GlobalSection(SolutionProperties) = preSolution
		HideSolutionNode = FALSE
	EndGlobalSection
	GlobalSection(ExtensibilityGlobals) = postSolution
		SolutionGuid = {508D514F-610D-437F-AD96-E9DFBD5DB442}
	EndGlobalSection
EndGlobal
